
Microsoft Visual Studio Solution File, Format Version 12.00
# Visual Studio 15
VisualStudioVersion = 15.0.28010.2036
MinimumVisualStudioVersion = 10.0.40219.1
Project("{9A19103F-16F7-4668-BE54-9A1E7A4F7556}") = "SIS.HTTP", "SIS.HTTP\SIS.HTTP.csproj", "{70C05972-52AC-4EC8-8E74-1964CC0F0128}"
EndProject
Project("{9A19103F-16F7-4668-BE54-9A1E7A4F7556}") = "SIS.WebServer", "SIS.WebServer\SIS.WebServer.csproj", "{3B02DD75-66E9-4254-9CB6-7FA5B5C489BB}"
EndProject
Project("{2150E333-8FDC-42A3-9474-1A3956D46DE8}") = "SIS.Apps", "SIS.Apps", "{104C24E7-2738-4B5D-A60F-E1C436B9E0E7}"
EndProject
Project("{2150E333-8FDC-42A3-9474-1A3956D46DE8}") = "Cakes", "Cakes", "{1D0089FC-1F07-474E-8CA9-A130CEE06FBD}"
EndProject
Project("{2150E333-8FDC-42A3-9474-1A3956D46DE8}") = "Demo", "Demo", "{7BD12C58-D064-4D4F-8293-3B1E04B0BDAF}"
EndProject
Project("{9A19103F-16F7-4668-BE54-9A1E7A4F7556}") = "SIS.Demo", "SIS.Apps\Demo\SIS.Demo\SIS.Demo.csproj", "{A8657FF4-7E5F-49BD-B9DD-9701B26ED1BB}"
EndProject
Project("{9A19103F-16F7-4668-BE54-9A1E7A4F7556}") = "CakesWebApp.Views", "SIS.Apps\Cakes\CakesWebApp.Views\CakesWebApp.Views.csproj", "{90A39336-27FA-4F75-A8D8-2453510C771A}"
EndProject
Project("{9A19103F-16F7-4668-BE54-9A1E7A4F7556}") = "CakesWebApp", "SIS.Apps\Cakes\CakesWebApp\CakesWebApp.csproj", "{52015940-5D57-4B4C-AD58-7076A0FA519E}"
EndProject
Project("{9A19103F-16F7-4668-BE54-9A1E7A4F7556}") = "CakesWebApp.Controllers", "SIS.Apps\Cakes\CakesWebApp.Controllers\CakesWebApp.Controllers.csproj", "{B7BB8CC7-36EE-4BF0-9835-73F1B5160E70}"
EndProject
Project("{9A19103F-16F7-4668-BE54-9A1E7A4F7556}") = "CakesWebApp.Data", "SIS.Apps\Cakes\CakesWebApp.Data\CakesWebApp.Data.csproj", "{7F0F2CFA-3AC3-43A9-B108-67059C30B77C}"
EndProject
Project("{9A19103F-16F7-4668-BE54-9A1E7A4F7556}") = "CakesWebApp.Models", "SIS.Apps\Cakes\CacesWebApp.Model\CakesWebApp.Models.csproj", "{AC0FD464-53F7-4B54-A43A-B48F19C136DB}"
EndProject
Project("{9A19103F-16F7-4668-BE54-9A1E7A4F7556}") = "CakesWebApp.Services", "SIS.Apps\Cakes\CakesWebApp.Services\CakesWebApp.Services.csproj", "{28670143-360B-47F0-A521-E8077AA65BB7}"
EndProject
Global
	GlobalSection(SolutionConfigurationPlatforms) = preSolution
		Debug|Any CPU = Debug|Any CPU
		Release|Any CPU = Release|Any CPU
	EndGlobalSection
	GlobalSection(ProjectConfigurationPlatforms) = postSolution
		{70C05972-52AC-4EC8-8E74-1964CC0F0128}.Debug|Any CPU.ActiveCfg = Debug|Any CPU
		{70C05972-52AC-4EC8-8E74-1964CC0F0128}.Debug|Any CPU.Build.0 = Debug|Any CPU
		{70C05972-52AC-4EC8-8E74-1964CC0F0128}.Release|Any CPU.ActiveCfg = Release|Any CPU
		{70C05972-52AC-4EC8-8E74-1964CC0F0128}.Release|Any CPU.Build.0 = Release|Any CPU
		{3B02DD75-66E9-4254-9CB6-7FA5B5C489BB}.Debug|Any CPU.ActiveCfg = Debug|Any CPU
		{3B02DD75-66E9-4254-9CB6-7FA5B5C489BB}.Debug|Any CPU.Build.0 = Debug|Any CPU
		{3B02DD75-66E9-4254-9CB6-7FA5B5C489BB}.Release|Any CPU.ActiveCfg = Release|Any CPU
		{3B02DD75-66E9-4254-9CB6-7FA5B5C489BB}.Release|Any CPU.Build.0 = Release|Any CPU
		{A8657FF4-7E5F-49BD-B9DD-9701B26ED1BB}.Debug|Any CPU.ActiveCfg = Debug|Any CPU
		{A8657FF4-7E5F-49BD-B9DD-9701B26ED1BB}.Debug|Any CPU.Build.0 = Debug|Any CPU
		{A8657FF4-7E5F-49BD-B9DD-9701B26ED1BB}.Release|Any CPU.ActiveCfg = Release|Any CPU
		{A8657FF4-7E5F-49BD-B9DD-9701B26ED1BB}.Release|Any CPU.Build.0 = Release|Any CPU
		{90A39336-27FA-4F75-A8D8-2453510C771A}.Debug|Any CPU.ActiveCfg = Debug|Any CPU
		{90A39336-27FA-4F75-A8D8-2453510C771A}.Debug|Any CPU.Build.0 = Debug|Any CPU
		{90A39336-27FA-4F75-A8D8-2453510C771A}.Release|Any CPU.ActiveCfg = Release|Any CPU
		{90A39336-27FA-4F75-A8D8-2453510C771A}.Release|Any CPU.Build.0 = Release|Any CPU
		{52015940-5D57-4B4C-AD58-7076A0FA519E}.Debug|Any CPU.ActiveCfg = Debug|Any CPU
		{52015940-5D57-4B4C-AD58-7076A0FA519E}.Debug|Any CPU.Build.0 = Debug|Any CPU
		{52015940-5D57-4B4C-AD58-7076A0FA519E}.Release|Any CPU.ActiveCfg = Release|Any CPU
		{52015940-5D57-4B4C-AD58-7076A0FA519E}.Release|Any CPU.Build.0 = Release|Any CPU
		{B7BB8CC7-36EE-4BF0-9835-73F1B5160E70}.Debug|Any CPU.ActiveCfg = Debug|Any CPU
		{B7BB8CC7-36EE-4BF0-9835-73F1B5160E70}.Debug|Any CPU.Build.0 = Debug|Any CPU
		{B7BB8CC7-36EE-4BF0-9835-73F1B5160E70}.Release|Any CPU.ActiveCfg = Release|Any CPU
		{B7BB8CC7-36EE-4BF0-9835-73F1B5160E70}.Release|Any CPU.Build.0 = Release|Any CPU
		{7F0F2CFA-3AC3-43A9-B108-67059C30B77C}.Debug|Any CPU.ActiveCfg = Debug|Any CPU
		{7F0F2CFA-3AC3-43A9-B108-67059C30B77C}.Debug|Any CPU.Build.0 = Debug|Any CPU
		{7F0F2CFA-3AC3-43A9-B108-67059C30B77C}.Release|Any CPU.ActiveCfg = Release|Any CPU
		{7F0F2CFA-3AC3-43A9-B108-67059C30B77C}.Release|Any CPU.Build.0 = Release|Any CPU
		{AC0FD464-53F7-4B54-A43A-B48F19C136DB}.Debug|Any CPU.ActiveCfg = Debug|Any CPU
		{AC0FD464-53F7-4B54-A43A-B48F19C136DB}.Debug|Any CPU.Build.0 = Debug|Any CPU
		{AC0FD464-53F7-4B54-A43A-B48F19C136DB}.Release|Any CPU.ActiveCfg = Release|Any CPU
		{AC0FD464-53F7-4B54-A43A-B48F19C136DB}.Release|Any CPU.Build.0 = Release|Any CPU
		{28670143-360B-47F0-A521-E8077AA65BB7}.Debug|Any CPU.ActiveCfg = Debug|Any CPU
		{28670143-360B-47F0-A521-E8077AA65BB7}.Debug|Any CPU.Build.0 = Debug|Any CPU
		{28670143-360B-47F0-A521-E8077AA65BB7}.Release|Any CPU.ActiveCfg = Release|Any CPU
		{28670143-360B-47F0-A521-E8077AA65BB7}.Release|Any CPU.Build.0 = Release|Any CPU
	EndGlobalSection
	GlobalSection(SolutionProperties) = preSolution
		HideSolutionNode = FALSE
	EndGlobalSection
	GlobalSection(NestedProjects) = preSolution
		{1D0089FC-1F07-474E-8CA9-A130CEE06FBD} = {104C24E7-2738-4B5D-A60F-E1C436B9E0E7}
		{7BD12C58-D064-4D4F-8293-3B1E04B0BDAF} = {104C24E7-2738-4B5D-A60F-E1C436B9E0E7}
		{A8657FF4-7E5F-49BD-B9DD-9701B26ED1BB} = {7BD12C58-D064-4D4F-8293-3B1E04B0BDAF}
		{90A39336-27FA-4F75-A8D8-2453510C771A} = {1D0089FC-1F07-474E-8CA9-A130CEE06FBD}
		{52015940-5D57-4B4C-AD58-7076A0FA519E} = {1D0089FC-1F07-474E-8CA9-A130CEE06FBD}
		{B7BB8CC7-36EE-4BF0-9835-73F1B5160E70} = {1D0089FC-1F07-474E-8CA9-A130CEE06FBD}
		{7F0F2CFA-3AC3-43A9-B108-67059C30B77C} = {1D0089FC-1F07-474E-8CA9-A130CEE06FBD}
		{AC0FD464-53F7-4B54-A43A-B48F19C136DB} = {1D0089FC-1F07-474E-8CA9-A130CEE06FBD}
		{28670143-360B-47F0-A521-E8077AA65BB7} = {1D0089FC-1F07-474E-8CA9-A130CEE06FBD}
	EndGlobalSection
	GlobalSection(ExtensibilityGlobals) = postSolution
		SolutionGuid = {EB00A7A8-D766-438D-8834-09ABE2AC2EFD}
	EndGlobalSection
EndGlobal
