
Microsoft Visual Studio Solution File, Format Version 12.00
# Visual Studio 15
VisualStudioVersion = 15.0.28010.2036
MinimumVisualStudioVersion = 10.0.40219.1
Project("{9A19103F-16F7-4668-BE54-9A1E7A4F7556}") = "SIS.HTTP", "SIS.HTTP\SIS.HTTP.csproj", "{70C05972-52AC-4EC8-8E74-1964CC0F0128}"
EndProject
Project("{9A19103F-16F7-4668-BE54-9A1E7A4F7556}") = "SIS.WebServer", "SIS.WebServer\SIS.WebServer.csproj", "{3B02DD75-66E9-4254-9CB6-7FA5B5C489BB}"
EndProject
Project("{9A19103F-16F7-4668-BE54-9A1E7A4F7556}") = "SIS.Demo", "SIS.Demo\SIS.Demo.csproj", "{17AF6482-4EC9-4095-B6B6-5F7F1A3C2FC9}"
EndProject
Project("{2150E333-8FDC-42A3-9474-1A3956D46DE8}") = "Apps", "Apps", "{104C24E7-2738-4B5D-A60F-E1C436B9E0E7}"
EndProject
Project("{9A19103F-16F7-4668-BE54-9A1E7A4F7556}") = "CakesWebApp", "CakesWebApp\CakesWebApp.csproj", "{1FC11F20-01DB-413E-9307-9D8FEB8358EE}"
EndProject
Project("{9A19103F-16F7-4668-BE54-9A1E7A4F7556}") = "CakesWebApp.Data", "CakesWebApp.Data\CakesWebApp.Data.csproj", "{C6430FCB-66A6-4AA1-8F88-792AE88296B6}"
EndProject
Project("{9A19103F-16F7-4668-BE54-9A1E7A4F7556}") = "CakesWebApp.Models", "CacesWebApp.Model\CakesWebApp.Models.csproj", "{4CC5EB2E-1892-4CD6-AD44-67BC7AD64AA0}"
EndProject
Project("{FAE04EC0-301F-11D3-BF4B-00C04F79EFBC}") = "CakesWebApp.Views", "CakesWebApp.Views\CakesWebApp.Views.csproj", "{3CF7EE7E-92A9-4426-BDDC-1A8476A0F434}"
EndProject
Project("{FAE04EC0-301F-11D3-BF4B-00C04F79EFBC}") = "CakesWebApp.Controllers", "CakesWebApp.Controllers\CakesWebApp.Controllers.csproj", "{8937B85F-5FA7-4E24-BF54-18064B6847E7}"
EndProject
Project("{FAE04EC0-301F-11D3-BF4B-00C04F79EFBC}") = "Services", "Services\Services.csproj", "{CDED4B97-3D8E-435E-9B43-1738DDD482AC}"
EndProject
Global
	GlobalSection(SolutionConfigurationPlatforms) = preSolution
		Debug|Any CPU = Debug|Any CPU
		Release|Any CPU = Release|Any CPU
	EndGlobalSection
	GlobalSection(ProjectConfigurationPlatforms) = postSolution
		{70C05972-52AC-4EC8-8E74-1964CC0F0128}.Debug|Any CPU.ActiveCfg = Debug|Any CPU
		{70C05972-52AC-4EC8-8E74-1964CC0F0128}.Debug|Any CPU.Build.0 = Debug|Any CPU
		{70C05972-52AC-4EC8-8E74-1964CC0F0128}.Release|Any CPU.ActiveCfg = Release|Any CPU
		{70C05972-52AC-4EC8-8E74-1964CC0F0128}.Release|Any CPU.Build.0 = Release|Any CPU
		{3B02DD75-66E9-4254-9CB6-7FA5B5C489BB}.Debug|Any CPU.ActiveCfg = Debug|Any CPU
		{3B02DD75-66E9-4254-9CB6-7FA5B5C489BB}.Debug|Any CPU.Build.0 = Debug|Any CPU
		{3B02DD75-66E9-4254-9CB6-7FA5B5C489BB}.Release|Any CPU.ActiveCfg = Release|Any CPU
		{3B02DD75-66E9-4254-9CB6-7FA5B5C489BB}.Release|Any CPU.Build.0 = Release|Any CPU
		{17AF6482-4EC9-4095-B6B6-5F7F1A3C2FC9}.Debug|Any CPU.ActiveCfg = Debug|Any CPU
		{17AF6482-4EC9-4095-B6B6-5F7F1A3C2FC9}.Debug|Any CPU.Build.0 = Debug|Any CPU
		{17AF6482-4EC9-4095-B6B6-5F7F1A3C2FC9}.Release|Any CPU.ActiveCfg = Release|Any CPU
		{17AF6482-4EC9-4095-B6B6-5F7F1A3C2FC9}.Release|Any CPU.Build.0 = Release|Any CPU
		{1FC11F20-01DB-413E-9307-9D8FEB8358EE}.Debug|Any CPU.ActiveCfg = Debug|Any CPU
		{1FC11F20-01DB-413E-9307-9D8FEB8358EE}.Debug|Any CPU.Build.0 = Debug|Any CPU
		{1FC11F20-01DB-413E-9307-9D8FEB8358EE}.Release|Any CPU.ActiveCfg = Release|Any CPU
		{1FC11F20-01DB-413E-9307-9D8FEB8358EE}.Release|Any CPU.Build.0 = Release|Any CPU
		{C6430FCB-66A6-4AA1-8F88-792AE88296B6}.Debug|Any CPU.ActiveCfg = Debug|Any CPU
		{C6430FCB-66A6-4AA1-8F88-792AE88296B6}.Debug|Any CPU.Build.0 = Debug|Any CPU
		{C6430FCB-66A6-4AA1-8F88-792AE88296B6}.Release|Any CPU.ActiveCfg = Release|Any CPU
		{C6430FCB-66A6-4AA1-8F88-792AE88296B6}.Release|Any CPU.Build.0 = Release|Any CPU
		{4CC5EB2E-1892-4CD6-AD44-67BC7AD64AA0}.Debug|Any CPU.ActiveCfg = Debug|Any CPU
		{4CC5EB2E-1892-4CD6-AD44-67BC7AD64AA0}.Debug|Any CPU.Build.0 = Debug|Any CPU
		{4CC5EB2E-1892-4CD6-AD44-67BC7AD64AA0}.Release|Any CPU.ActiveCfg = Release|Any CPU
		{4CC5EB2E-1892-4CD6-AD44-67BC7AD64AA0}.Release|Any CPU.Build.0 = Release|Any CPU
		{3CF7EE7E-92A9-4426-BDDC-1A8476A0F434}.Debug|Any CPU.ActiveCfg = Debug|Any CPU
		{3CF7EE7E-92A9-4426-BDDC-1A8476A0F434}.Debug|Any CPU.Build.0 = Debug|Any CPU
		{3CF7EE7E-92A9-4426-BDDC-1A8476A0F434}.Release|Any CPU.ActiveCfg = Release|Any CPU
		{3CF7EE7E-92A9-4426-BDDC-1A8476A0F434}.Release|Any CPU.Build.0 = Release|Any CPU
		{8937B85F-5FA7-4E24-BF54-18064B6847E7}.Debug|Any CPU.ActiveCfg = Debug|Any CPU
		{8937B85F-5FA7-4E24-BF54-18064B6847E7}.Debug|Any CPU.Build.0 = Debug|Any CPU
		{8937B85F-5FA7-4E24-BF54-18064B6847E7}.Release|Any CPU.ActiveCfg = Release|Any CPU
		{8937B85F-5FA7-4E24-BF54-18064B6847E7}.Release|Any CPU.Build.0 = Release|Any CPU
		{CDED4B97-3D8E-435E-9B43-1738DDD482AC}.Debug|Any CPU.ActiveCfg = Debug|Any CPU
		{CDED4B97-3D8E-435E-9B43-1738DDD482AC}.Debug|Any CPU.Build.0 = Debug|Any CPU
		{CDED4B97-3D8E-435E-9B43-1738DDD482AC}.Release|Any CPU.ActiveCfg = Release|Any CPU
		{CDED4B97-3D8E-435E-9B43-1738DDD482AC}.Release|Any CPU.Build.0 = Release|Any CPU
	EndGlobalSection
	GlobalSection(SolutionProperties) = preSolution
		HideSolutionNode = FALSE
	EndGlobalSection
	GlobalSection(NestedProjects) = preSolution
		{1FC11F20-01DB-413E-9307-9D8FEB8358EE} = {104C24E7-2738-4B5D-A60F-E1C436B9E0E7}
		{C6430FCB-66A6-4AA1-8F88-792AE88296B6} = {104C24E7-2738-4B5D-A60F-E1C436B9E0E7}
		{4CC5EB2E-1892-4CD6-AD44-67BC7AD64AA0} = {104C24E7-2738-4B5D-A60F-E1C436B9E0E7}
		{3CF7EE7E-92A9-4426-BDDC-1A8476A0F434} = {104C24E7-2738-4B5D-A60F-E1C436B9E0E7}
		{8937B85F-5FA7-4E24-BF54-18064B6847E7} = {104C24E7-2738-4B5D-A60F-E1C436B9E0E7}
		{CDED4B97-3D8E-435E-9B43-1738DDD482AC} = {104C24E7-2738-4B5D-A60F-E1C436B9E0E7}
	EndGlobalSection
	GlobalSection(ExtensibilityGlobals) = postSolution
		SolutionGuid = {EB00A7A8-D766-438D-8834-09ABE2AC2EFD}
	EndGlobalSection
EndGlobal
